<?xml version="1.0" encoding="utf-8"?>
<Project ToolsVersion="4.0" xmlns="http://schemas.microsoft.com/developer/msbuild/2003">
  <ItemGroup>
    <Filter Include="Source Files">
      <UniqueIdentifier>{4FC737F1-C7A5-4376-A066-2A32D752A2FF}</UniqueIdentifier>
      <Extensions>qml;cpp;c;cc;cxx;def;odl;idl;hpj;bat;asm;asmx</Extensions>
    </Filter>
    <Filter Include="Header Files">
      <UniqueIdentifier>{93995380-89BD-4b04-88EB-625FBE52EBFB}</UniqueIdentifier>
      <Extensions>h;hh;hpp;hxx;hm;inl;inc;xsd</Extensions>
    </Filter>
    <Filter Include="Resource Files">
      <UniqueIdentifier>{67DA6AB6-F800-4c08-8B7A-83BB121AAD01}</UniqueIdentifier>
      <Extensions>qrc;rc;ico;cur;bmp;dlg;rc2;rct;bin;rgs;gif;jpg;jpeg;jpe;resx;tiff;tif;png;wav;mfcribbon-ms</Extensions>
    </Filter>
    <Filter Include="Form Files">
      <UniqueIdentifier>{99349809-55BA-4b9d-BF79-8FDBB0286EB3}</UniqueIdentifier>
      <Extensions>ui</Extensions>
    </Filter>
    <Filter Include="Translation Files">
      <UniqueIdentifier>{639EADAA-A684-42e4-A9AD-28FC9BCB8F7C}</UniqueIdentifier>
      <Extensions>ts</Extensions>
    </Filter>
    <Filter Include="Header Files\widgets">
      <UniqueIdentifier>{8bbbcdf7-e359-4c63-9ad2-e36f906d853b}</UniqueIdentifier>
    </Filter>
    <Filter Include="Header Files\ui">
      <UniqueIdentifier>{f9745c65-9045-43d2-8577-b13c39cc3524}</UniqueIdentifier>
    </Filter>
    <Filter Include="Source Files\widgets">
      <UniqueIdentifier>{bb5331f0-7aaf-43a1-80b6-72ee5294aaec}</UniqueIdentifier>
    </Filter>
    <Filter Include="Header Files\widgets\additional">
      <UniqueIdentifier>{e48e2e36-a315-40c1-8934-6506200a241f}</UniqueIdentifier>
    </Filter>
    <Filter Include="Source Files\widgets\additional">
      <UniqueIdentifier>{ba350c17-db17-4d71-8150-9fc64be3e92f}</UniqueIdentifier>
    </Filter>
  </ItemGroup>
  <ItemGroup>
    <QtUic Include="transfer.ui">
      <Filter>Form Files</Filter>
    </QtUic>
    <QtUic Include="transfer_daemon_card.ui">
      <Filter>Form Files</Filter>
    </QtUic>
    <QtUic Include="transfer_daemons_list.ui">
      <Filter>Form Files</Filter>
    </QtUic>
    <QtUic Include="create_transfer.ui">
      <Filter>Form Files</Filter>
    </QtUic>
    <QtUic Include="create_transfer_daemon.ui">
      <Filter>Form Files</Filter>
    </QtUic>
    <QtUic Include="main.ui">
      <Filter>Form Files</Filter>
    </QtUic>
    <QtUic Include="overflow.ui">
      <Filter>Form Files</Filter>
    </QtUic>
    <QtUic Include="test_shadow.ui">
      <Filter>Form Files</Filter>
    </QtUic>
    <QtUic Include="create_overflow_credit_service.ui">
      <Filter>Form Files</Filter>
    </QtUic>
    <QtUic Include="overflow_credit_services_list.ui">
      <Filter>Form Files</Filter>
    </QtUic>
    <QtUic Include="overflow_credit_service_card.ui">
      <Filter>Form Files</Filter>
    </QtUic>
    <QtUic Include="overflow_service.ui">
      <Filter>Form Files</Filter>
    </QtUic>
    <QtUic Include="transfer_from_card.ui">
      <Filter>Form Files</Filter>
    </QtUic>
    <QtUic Include="transfer_history.ui">
      <Filter>Form Files</Filter>
    </QtUic>
    <QtUic Include="withdrawal_card.ui">
      <Filter>Form Files</Filter>
    </QtUic>
    <QtUic Include="login.ui">
      <Filter>Form Files</Filter>
    </QtUic>
    <QtUic Include="withdrawal.ui">
      <Filter>Form Files</Filter>
    </QtUic>
    <QtUic Include="credit_limit.ui">
      <Filter>Form Files</Filter>
    </QtUic>
    <QtUic Include="transfer_to_card.ui">
      <Filter>Form Files</Filter>
    </QtUic>
  </ItemGroup>
  <ItemGroup>
    <ClInclude Include="ui_test_shadow.h">
      <Filter>Header Files\ui</Filter>
    </ClInclude>
    <ClInclude Include="ui_transfer.h">
      <Filter>Header Files\ui</Filter>
    </ClInclude>
    <ClInclude Include="ui_transfer_daemon_card.h">
      <Filter>Header Files\ui</Filter>
    </ClInclude>
    <ClInclude Include="ui_transfer_daemons_list.h">
      <Filter>Header Files\ui</Filter>
    </ClInclude>
    <ClInclude Include="ui_create_transfer.h">
      <Filter>Header Files\ui</Filter>
    </ClInclude>
    <ClInclude Include="ui_create_transfer_daemon.h">
      <Filter>Header Files\ui</Filter>
    </ClInclude>
    <ClInclude Include="ui_main.h">
      <Filter>Header Files\ui</Filter>
    </ClInclude>
    <ClInclude Include="ui_overflow.h">
      <Filter>Header Files\ui</Filter>
    </ClInclude>
    <ClInclude Include="Window.h">
      <Filter>Header Files</Filter>
    </ClInclude>
    <ClInclude Include="ui_overflow_service.h">
      <Filter>Header Files\ui</Filter>
    </ClInclude>
    <ClInclude Include="ui_transfer_from_card.h">
      <Filter>Header Files\ui</Filter>
    </ClInclude>
    <ClInclude Include="ui_transfer_history.h">
      <Filter>Header Files\ui</Filter>
    </ClInclude>
    <ClInclude Include="ui_withdrawal.h">
      <Filter>Header Files\ui</Filter>
    </ClInclude>
    <ClInclude Include="ui_withdrawal_card.h">
      <Filter>Header Files\ui</Filter>
    </ClInclude>
    <ClInclude Include="ui_create_overflow_credit_service.h">
      <Filter>Header Files\ui</Filter>
    </ClInclude>
    <ClInclude Include="ui_credit_limit.h">
      <Filter>Header Files\ui</Filter>
    </ClInclude>
    <ClInclude Include="ui_overflow_credit_service_card.h">
      <Filter>Header Files\ui</Filter>
    </ClInclude>
    <ClInclude Include="ui_overflow_credit_services_list.h">
      <Filter>Header Files\ui</Filter>
    </ClInclude>
    <ClInclude Include="ui_login.h">
      <Filter>Header Files\ui</Filter>
    </ClInclude>
    <ClInclude Include="ui_transfer_to_card.h">
      <Filter>Header Files\ui</Filter>
    </ClInclude>
  </ItemGroup>
  <ItemGroup>
    <QtMoc Include="CreateTransferWidget.h">
      <Filter>Header Files\widgets</Filter>
    </QtMoc>
    <QtMoc Include="LoginWidget.h">
      <Filter>Header Files\widgets</Filter>
    </QtMoc>
    <QtMoc Include="MainWidget.h">
      <Filter>Header Files\widgets</Filter>
    </QtMoc>
    <QtMoc Include="ServiceOptionWidget.h">
      <Filter>Header Files\widgets</Filter>
    </QtMoc>
    <QtMoc Include="TransferDaemonCardWidget.h">
      <Filter>Header Files\widgets</Filter>
    </QtMoc>
    <QtMoc Include="TransferDaemonsListWidget.h">
      <Filter>Header Files\widgets</Filter>
    </QtMoc>
    <QtMoc Include="TransferWidget.h">
      <Filter>Header Files\widgets</Filter>
    </QtMoc>
    <QtMoc Include="aspectratiopixmaplabel.h">
      <Filter>Header Files\widgets</Filter>
    </QtMoc>
    <QtMoc Include="CreateTransferDaemonWidget.h">
      <Filter>Header Files\widgets</Filter>
    </QtMoc>
    <QtMoc Include="customshadoweffect.h">
      <Filter>Header Files</Filter>
    </QtMoc>
    <QtMoc Include="MainWindow.h">
      <Filter>Header Files</Filter>
    </QtMoc>
    <QtMoc Include="ClickableLabel.h">
      <Filter>Header Files\widgets</Filter>
    </QtMoc>
    <QtMoc Include="OverflowWidget.h">
      <Filter>Header Files\widgets</Filter>
    </QtMoc>
    <QtMoc Include="OverflowServiceWidget.h">
      <Filter>Header Files\widgets</Filter>
    </QtMoc>
    <QtMoc Include="WithdrawalWidget.h">
      <Filter>Header Files\widgets</Filter>
    </QtMoc>
    <QtMoc Include="CreditLimitWidget.h">
      <Filter>Header Files\widgets</Filter>
    </QtMoc>
    <QtMoc Include="TransferHistoryWidget.h">
      <Filter>Header Files\widgets</Filter>
    </QtMoc>
    <QtMoc Include="OverflowCreditServicesListWidget.h">
      <Filter>Header Files\widgets</Filter>
    </QtMoc>
    <QtMoc Include="CreateOverflowCreditServiceWidget.h">
      <Filter>Header Files\widgets</Filter>
    </QtMoc>
    <QtMoc Include="MoneyLineEdit.h">
      <Filter>Header Files\widgets\additional</Filter>
    </QtMoc>
    <QtMoc Include="IntegerLineEdit.h">
      <Filter>Header Files\widgets\additional</Filter>
    </QtMoc>
  </ItemGroup>
  <ItemGroup>
    <ClCompile Include="CreateTransferWidget.cpp">
      <Filter>Source Files\widgets</Filter>
    </ClCompile>
    <ClCompile Include="MainWidget.cpp">
      <Filter>Source Files\widgets</Filter>
    </ClCompile>
    <ClCompile Include="ServiceOptionWidget.cpp">
      <Filter>Source Files\widgets</Filter>
    </ClCompile>
    <ClCompile Include="TransferDaemonCardWidget.cpp">
      <Filter>Source Files\widgets</Filter>
    </ClCompile>
    <ClCompile Include="TransferDaemonsListWidget.cpp">
      <Filter>Source Files\widgets</Filter>
    </ClCompile>
    <ClCompile Include="TransferWidget.cpp">
      <Filter>Source Files\widgets</Filter>
    </ClCompile>
    <ClCompile Include="aspectratiopixmaplabel.cpp">
      <Filter>Source Files\widgets</Filter>
    </ClCompile>
    <ClCompile Include="CreateTransferDaemonWidget.cpp">
      <Filter>Source Files\widgets</Filter>
    </ClCompile>
    <ClCompile Include="MainWindow.cpp">
      <Filter>Source Files</Filter>
    </ClCompile>
    <ClCompile Include="customshadoweffect.cpp">
      <Filter>Source Files</Filter>
    </ClCompile>
    <ClCompile Include="main.cpp">
      <Filter>Source Files</Filter>
    </ClCompile>
    <ClCompile Include="LoginWidget.cpp">
      <Filter>Source Files\widgets</Filter>
    </ClCompile>
    <ClCompile Include="ClickableLabel.cpp">
      <Filter>Source Files\widgets</Filter>
    </ClCompile>
    <ClCompile Include="OverflowWidget.cpp">
      <Filter>Source Files\widgets</Filter>
    </ClCompile>
    <ClCompile Include="OverflowServiceWidget.cpp">
      <Filter>Source Files\widgets</Filter>
    </ClCompile>
    <ClCompile Include="CreateOverflowCreditServiceWidget.cpp">
      <Filter>Source Files\widgets</Filter>
    </ClCompile>
    <ClCompile Include="OverflowCreditServicesListWidget.cpp">
      <Filter>Source Files\widgets</Filter>
    </ClCompile>
    <ClCompile Include="TransferHistoryWidget.cpp">
      <Filter>Source Files\widgets</Filter>
    </ClCompile>
    <ClCompile Include="WithdrawalWidget.cpp">
      <Filter>Source Files\widgets</Filter>
    </ClCompile>
    <ClCompile Include="CreditLimitWidget.cpp">
      <Filter>Source Files\widgets</Filter>
    </ClCompile>
    <ClCompile Include="MoneyLineEdit.cpp">
      <Filter>Source Files\widgets\additional</Filter>
    </ClCompile>
    <ClCompile Include="IntegerLineEdit.cpp">
      <Filter>Source Files\widgets\additional</Filter>
    </ClCompile>
  </ItemGroup>
</Project>